
Microsoft Visual Studio Solution File, Format Version 12.00
# Visual Studio 2012
Project("{FAE04EC0-301F-11D3-BF4B-00C04F79EFBC}") = "01.ChangeValues", "01.ChangeValues\01.ChangeValues.csproj", "{AB829C61-7FA2-4AC2-A394-26539F1DFB83}"
EndProject
Project("{FAE04EC0-301F-11D3-BF4B-00C04F79EFBC}") = "02.SignOfProduct", "02.SignOfProduct\02.SignOfProduct.csproj", "{51B8CD65-DA4D-49B5-851C-9DB4E4352144}"
EndProject
Project("{FAE04EC0-301F-11D3-BF4B-00C04F79EFBC}") = "03.TheBiggestInteger", "03.TheBiggestInteger\03.TheBiggestInteger.csproj", "{B2792A5D-75A2-491B-9271-E556A7FF6DBB}"
EndProject
Project("{FAE04EC0-301F-11D3-BF4B-00C04F79EFBC}") = "04.SortInDescendingOrder", "04.SortInDescendingOrder\04.SortInDescendingOrder.csproj", "{361C8912-6714-4549-B676-50693A880E59}"
EndProject
Project("{FAE04EC0-301F-11D3-BF4B-00C04F79EFBC}") = "05.NameOfDigit", "05.NameOfDigit\05.NameOfDigit.csproj", "{763EB363-CDFD-4D8E-B219-24658C92E972}"
EndProject
Project("{FAE04EC0-301F-11D3-BF4B-00C04F79EFBC}") = "06.QuadraticEquation", "06.QuadraticEquation\06.QuadraticEquation.csproj", "{704A5312-5D53-4E9B-94EC-2A95BE1F3D04}"
EndProject
Project("{FAE04EC0-301F-11D3-BF4B-00C04F79EFBC}") = "07.GreatestVariable", "07.GreatestVariable\07.GreatestVariable.csproj", "{FBEFB4D6-29A2-4805-9B55-C9B3F3BDA1DA}"
EndProject
Project("{FAE04EC0-301F-11D3-BF4B-00C04F79EFBC}") = "08.IntDoubleString", "08.IntDoubleString\08.IntDoubleString.csproj", "{DCFE34BA-F830-4873-BE63-75B64951D7C2}"
EndProject
Project("{FAE04EC0-301F-11D3-BF4B-00C04F79EFBC}") = "09.SubsetSum", "09.SubsetSum\09.SubsetSum.csproj", "{90A7CA66-B1BA-4A47-AFF6-156C0076B5E7}"
EndProject
Project("{FAE04EC0-301F-11D3-BF4B-00C04F79EFBC}") = "10.BonusScores", "10.Bonus Scores\10.BonusScores.csproj", "{1004858E-8086-4FAB-9D22-5DDC5B702C46}"
EndProject
Project("{FAE04EC0-301F-11D3-BF4B-00C04F79EFBC}") = "11.NumberInEnglish", "11.NumberInEnglish\11.NumberInEnglish.csproj", "{8C5CE81E-3D96-493D-8DDD-6CA3368AB6C8}"
EndProject
Global
	GlobalSection(SolutionConfigurationPlatforms) = preSolution
		Debug|Any CPU = Debug|Any CPU
		Release|Any CPU = Release|Any CPU
	EndGlobalSection
	GlobalSection(ProjectConfigurationPlatforms) = postSolution
		{AB829C61-7FA2-4AC2-A394-26539F1DFB83}.Debug|Any CPU.ActiveCfg = Debug|Any CPU
		{AB829C61-7FA2-4AC2-A394-26539F1DFB83}.Debug|Any CPU.Build.0 = Debug|Any CPU
		{AB829C61-7FA2-4AC2-A394-26539F1DFB83}.Release|Any CPU.ActiveCfg = Release|Any CPU
		{AB829C61-7FA2-4AC2-A394-26539F1DFB83}.Release|Any CPU.Build.0 = Release|Any CPU
		{51B8CD65-DA4D-49B5-851C-9DB4E4352144}.Debug|Any CPU.ActiveCfg = Debug|Any CPU
		{51B8CD65-DA4D-49B5-851C-9DB4E4352144}.Debug|Any CPU.Build.0 = Debug|Any CPU
		{51B8CD65-DA4D-49B5-851C-9DB4E4352144}.Release|Any CPU.ActiveCfg = Release|Any CPU
		{51B8CD65-DA4D-49B5-851C-9DB4E4352144}.Release|Any CPU.Build.0 = Release|Any CPU
		{B2792A5D-75A2-491B-9271-E556A7FF6DBB}.Debug|Any CPU.ActiveCfg = Debug|Any CPU
		{B2792A5D-75A2-491B-9271-E556A7FF6DBB}.Debug|Any CPU.Build.0 = Debug|Any CPU
		{B2792A5D-75A2-491B-9271-E556A7FF6DBB}.Release|Any CPU.ActiveCfg = Release|Any CPU
		{B2792A5D-75A2-491B-9271-E556A7FF6DBB}.Release|Any CPU.Build.0 = Release|Any CPU
		{361C8912-6714-4549-B676-50693A880E59}.Debug|Any CPU.ActiveCfg = Debug|Any CPU
		{361C8912-6714-4549-B676-50693A880E59}.Debug|Any CPU.Build.0 = Debug|Any CPU
		{361C8912-6714-4549-B676-50693A880E59}.Release|Any CPU.ActiveCfg = Release|Any CPU
		{361C8912-6714-4549-B676-50693A880E59}.Release|Any CPU.Build.0 = Release|Any CPU
		{763EB363-CDFD-4D8E-B219-24658C92E972}.Debug|Any CPU.ActiveCfg = Debug|Any CPU
		{763EB363-CDFD-4D8E-B219-24658C92E972}.Debug|Any CPU.Build.0 = Debug|Any CPU
		{763EB363-CDFD-4D8E-B219-24658C92E972}.Release|Any CPU.ActiveCfg = Release|Any CPU
		{763EB363-CDFD-4D8E-B219-24658C92E972}.Release|Any CPU.Build.0 = Release|Any CPU
		{704A5312-5D53-4E9B-94EC-2A95BE1F3D04}.Debug|Any CPU.ActiveCfg = Debug|Any CPU
		{704A5312-5D53-4E9B-94EC-2A95BE1F3D04}.Debug|Any CPU.Build.0 = Debug|Any CPU
		{704A5312-5D53-4E9B-94EC-2A95BE1F3D04}.Release|Any CPU.ActiveCfg = Release|Any CPU
		{704A5312-5D53-4E9B-94EC-2A95BE1F3D04}.Release|Any CPU.Build.0 = Release|Any CPU
		{FBEFB4D6-29A2-4805-9B55-C9B3F3BDA1DA}.Debug|Any CPU.ActiveCfg = Debug|Any CPU
		{FBEFB4D6-29A2-4805-9B55-C9B3F3BDA1DA}.Debug|Any CPU.Build.0 = Debug|Any CPU
		{FBEFB4D6-29A2-4805-9B55-C9B3F3BDA1DA}.Release|Any CPU.ActiveCfg = Release|Any CPU
		{FBEFB4D6-29A2-4805-9B55-C9B3F3BDA1DA}.Release|Any CPU.Build.0 = Release|Any CPU
		{DCFE34BA-F830-4873-BE63-75B64951D7C2}.Debug|Any CPU.ActiveCfg = Debug|Any CPU
		{DCFE34BA-F830-4873-BE63-75B64951D7C2}.Debug|Any CPU.Build.0 = Debug|Any CPU
		{DCFE34BA-F830-4873-BE63-75B64951D7C2}.Release|Any CPU.ActiveCfg = Release|Any CPU
		{DCFE34BA-F830-4873-BE63-75B64951D7C2}.Release|Any CPU.Build.0 = Release|Any CPU
		{90A7CA66-B1BA-4A47-AFF6-156C0076B5E7}.Debug|Any CPU.ActiveCfg = Debug|Any CPU
		{90A7CA66-B1BA-4A47-AFF6-156C0076B5E7}.Debug|Any CPU.Build.0 = Debug|Any CPU
		{90A7CA66-B1BA-4A47-AFF6-156C0076B5E7}.Release|Any CPU.ActiveCfg = Release|Any CPU
		{90A7CA66-B1BA-4A47-AFF6-156C0076B5E7}.Release|Any CPU.Build.0 = Release|Any CPU
		{1004858E-8086-4FAB-9D22-5DDC5B702C46}.Debug|Any CPU.ActiveCfg = Debug|Any CPU
		{1004858E-8086-4FAB-9D22-5DDC5B702C46}.Debug|Any CPU.Build.0 = Debug|Any CPU
		{1004858E-8086-4FAB-9D22-5DDC5B702C46}.Release|Any CPU.ActiveCfg = Release|Any CPU
		{1004858E-8086-4FAB-9D22-5DDC5B702C46}.Release|Any CPU.Build.0 = Release|Any CPU
		{8C5CE81E-3D96-493D-8DDD-6CA3368AB6C8}.Debug|Any CPU.ActiveCfg = Debug|Any CPU
		{8C5CE81E-3D96-493D-8DDD-6CA3368AB6C8}.Debug|Any CPU.Build.0 = Debug|Any CPU
		{8C5CE81E-3D96-493D-8DDD-6CA3368AB6C8}.Release|Any CPU.ActiveCfg = Release|Any CPU
		{8C5CE81E-3D96-493D-8DDD-6CA3368AB6C8}.Release|Any CPU.Build.0 = Release|Any CPU
	EndGlobalSection
	GlobalSection(SolutionProperties) = preSolution
		HideSolutionNode = FALSE
	EndGlobalSection
EndGlobal
