
Microsoft Visual Studio Solution File, Format Version 12.00
# Visual Studio 2012
Project("{FAE04EC0-301F-11D3-BF4B-00C04F79EFBC}") = "01.Read3Integers", "01.Read3Integers\01.Read3Integers.csproj", "{A97279D1-7F21-45BE-81FE-49BBC731F8FC}"
EndProject
Project("{FAE04EC0-301F-11D3-BF4B-00C04F79EFBC}") = "02.CirclePerimeterAndArea", "02.CirclePerimeterAndArea\02.CirclePerimeterAndArea.csproj", "{FFD859A3-AB30-41D5-9B26-D8401534B1FA}"
EndProject
Project("{FAE04EC0-301F-11D3-BF4B-00C04F79EFBC}") = "03.CompanyInfo", "03.CompanyInfo\03.CompanyInfo.csproj", "{80C4993D-980C-4516-9DF0-D4F2A8FAB542}"
EndProject
Project("{FAE04EC0-301F-11D3-BF4B-00C04F79EFBC}") = "04.BetweenNumbers", "04.BetweenNumbers\04.BetweenNumbers.csproj", "{550B0473-F00A-425F-88ED-00A1B2DD34C6}"
EndProject
Project("{FAE04EC0-301F-11D3-BF4B-00C04F79EFBC}") = "05.GreaterNumber", "05.GreaterNumber\05.GreaterNumber.csproj", "{2CF694B5-BAD3-456B-AF8D-32FAADDD3FB6}"
EndProject
Project("{FAE04EC0-301F-11D3-BF4B-00C04F79EFBC}") = "06.QuadraticEquation", "06.QuadraticEquation\06.QuadraticEquation.csproj", "{CE507018-6D07-4240-9750-5928C48A546D}"
EndProject
Project("{FAE04EC0-301F-11D3-BF4B-00C04F79EFBC}") = "07.SomeNumbersAndSum", "07.SomeNumbersAndSum\07.SomeNumbersAndSum.csproj", "{42C8AEF7-8F0D-4271-AB73-0F8803D21FF4}"
EndProject
Project("{FAE04EC0-301F-11D3-BF4B-00C04F79EFBC}") = "08.PrintNNumbers", "08.PrintNNumbers\08.PrintNNumbers.csproj", "{5613608C-147E-4768-82AB-BB1239562BF1}"
EndProject
Project("{FAE04EC0-301F-11D3-BF4B-00C04F79EFBC}") = "09.PrintFibonacci", "09.PrintFibonacci\09.PrintFibonacci.csproj", "{B06DB3B9-6AA0-42C4-BB31-C121C244B95D}"
EndProject
Project("{FAE04EC0-301F-11D3-BF4B-00C04F79EFBC}") = "10.SumAccuracy", "10.SumAccuracy\10.SumAccuracy.csproj", "{4DDF1B56-96D1-4239-AB81-6A4C74659F23}"
EndProject
Global
	GlobalSection(SolutionConfigurationPlatforms) = preSolution
		Debug|Any CPU = Debug|Any CPU
		Release|Any CPU = Release|Any CPU
	EndGlobalSection
	GlobalSection(ProjectConfigurationPlatforms) = postSolution
		{A97279D1-7F21-45BE-81FE-49BBC731F8FC}.Debug|Any CPU.ActiveCfg = Debug|Any CPU
		{A97279D1-7F21-45BE-81FE-49BBC731F8FC}.Debug|Any CPU.Build.0 = Debug|Any CPU
		{A97279D1-7F21-45BE-81FE-49BBC731F8FC}.Release|Any CPU.ActiveCfg = Release|Any CPU
		{A97279D1-7F21-45BE-81FE-49BBC731F8FC}.Release|Any CPU.Build.0 = Release|Any CPU
		{FFD859A3-AB30-41D5-9B26-D8401534B1FA}.Debug|Any CPU.ActiveCfg = Debug|Any CPU
		{FFD859A3-AB30-41D5-9B26-D8401534B1FA}.Debug|Any CPU.Build.0 = Debug|Any CPU
		{FFD859A3-AB30-41D5-9B26-D8401534B1FA}.Release|Any CPU.ActiveCfg = Release|Any CPU
		{FFD859A3-AB30-41D5-9B26-D8401534B1FA}.Release|Any CPU.Build.0 = Release|Any CPU
		{80C4993D-980C-4516-9DF0-D4F2A8FAB542}.Debug|Any CPU.ActiveCfg = Debug|Any CPU
		{80C4993D-980C-4516-9DF0-D4F2A8FAB542}.Debug|Any CPU.Build.0 = Debug|Any CPU
		{80C4993D-980C-4516-9DF0-D4F2A8FAB542}.Release|Any CPU.ActiveCfg = Release|Any CPU
		{80C4993D-980C-4516-9DF0-D4F2A8FAB542}.Release|Any CPU.Build.0 = Release|Any CPU
		{550B0473-F00A-425F-88ED-00A1B2DD34C6}.Debug|Any CPU.ActiveCfg = Debug|Any CPU
		{550B0473-F00A-425F-88ED-00A1B2DD34C6}.Debug|Any CPU.Build.0 = Debug|Any CPU
		{550B0473-F00A-425F-88ED-00A1B2DD34C6}.Release|Any CPU.ActiveCfg = Release|Any CPU
		{550B0473-F00A-425F-88ED-00A1B2DD34C6}.Release|Any CPU.Build.0 = Release|Any CPU
		{2CF694B5-BAD3-456B-AF8D-32FAADDD3FB6}.Debug|Any CPU.ActiveCfg = Debug|Any CPU
		{2CF694B5-BAD3-456B-AF8D-32FAADDD3FB6}.Debug|Any CPU.Build.0 = Debug|Any CPU
		{2CF694B5-BAD3-456B-AF8D-32FAADDD3FB6}.Release|Any CPU.ActiveCfg = Release|Any CPU
		{2CF694B5-BAD3-456B-AF8D-32FAADDD3FB6}.Release|Any CPU.Build.0 = Release|Any CPU
		{CE507018-6D07-4240-9750-5928C48A546D}.Debug|Any CPU.ActiveCfg = Debug|Any CPU
		{CE507018-6D07-4240-9750-5928C48A546D}.Debug|Any CPU.Build.0 = Debug|Any CPU
		{CE507018-6D07-4240-9750-5928C48A546D}.Release|Any CPU.ActiveCfg = Release|Any CPU
		{CE507018-6D07-4240-9750-5928C48A546D}.Release|Any CPU.Build.0 = Release|Any CPU
		{42C8AEF7-8F0D-4271-AB73-0F8803D21FF4}.Debug|Any CPU.ActiveCfg = Debug|Any CPU
		{42C8AEF7-8F0D-4271-AB73-0F8803D21FF4}.Debug|Any CPU.Build.0 = Debug|Any CPU
		{42C8AEF7-8F0D-4271-AB73-0F8803D21FF4}.Release|Any CPU.ActiveCfg = Release|Any CPU
		{42C8AEF7-8F0D-4271-AB73-0F8803D21FF4}.Release|Any CPU.Build.0 = Release|Any CPU
		{5613608C-147E-4768-82AB-BB1239562BF1}.Debug|Any CPU.ActiveCfg = Debug|Any CPU
		{5613608C-147E-4768-82AB-BB1239562BF1}.Debug|Any CPU.Build.0 = Debug|Any CPU
		{5613608C-147E-4768-82AB-BB1239562BF1}.Release|Any CPU.ActiveCfg = Release|Any CPU
		{5613608C-147E-4768-82AB-BB1239562BF1}.Release|Any CPU.Build.0 = Release|Any CPU
		{B06DB3B9-6AA0-42C4-BB31-C121C244B95D}.Debug|Any CPU.ActiveCfg = Debug|Any CPU
		{B06DB3B9-6AA0-42C4-BB31-C121C244B95D}.Debug|Any CPU.Build.0 = Debug|Any CPU
		{B06DB3B9-6AA0-42C4-BB31-C121C244B95D}.Release|Any CPU.ActiveCfg = Release|Any CPU
		{B06DB3B9-6AA0-42C4-BB31-C121C244B95D}.Release|Any CPU.Build.0 = Release|Any CPU
		{4DDF1B56-96D1-4239-AB81-6A4C74659F23}.Debug|Any CPU.ActiveCfg = Debug|Any CPU
		{4DDF1B56-96D1-4239-AB81-6A4C74659F23}.Debug|Any CPU.Build.0 = Debug|Any CPU
		{4DDF1B56-96D1-4239-AB81-6A4C74659F23}.Release|Any CPU.ActiveCfg = Release|Any CPU
		{4DDF1B56-96D1-4239-AB81-6A4C74659F23}.Release|Any CPU.Build.0 = Release|Any CPU
	EndGlobalSection
	GlobalSection(SolutionProperties) = preSolution
		HideSolutionNode = FALSE
	EndGlobalSection
EndGlobal
